// !$*UTF8*$!
{
	archiveVersion = 1;
	classes = {
	};
	objectVersion = 50;
	objects = {

/* Begin PBXBuildFile section */
		223AE8E22376673F00E17875 /* sample-location-data.json in Resources */ = {isa = PBXBuildFile; fileRef = 223AE8E12376673F00E17875 /* sample-location-data.json */; };
		223AE8E4237667BD00E17875 /* PrecisIcon.swift in Sources */ = {isa = PBXBuildFile; fileRef = 223AE8E3237667BD00E17875 /* PrecisIcon.swift */; };
		223AE8E623766FF000E17875 /* HighLow.swift in Sources */ = {isa = PBXBuildFile; fileRef = 223AE8E523766FF000E17875 /* HighLow.swift */; };
		223AE8E8237670F100E17875 /* SampleWeatherData.swift in Sources */ = {isa = PBXBuildFile; fileRef = 223AE8E7237670F100E17875 /* SampleWeatherData.swift */; };
		223AE8EC237677F500E17875 /* RainChance.swift in Sources */ = {isa = PBXBuildFile; fileRef = 223AE8EB237677F500E17875 /* RainChance.swift */; };
		223FB3A123764BBD005BB4D8 /* WeatherView.swift in Sources */ = {isa = PBXBuildFile; fileRef = 223FB3A023764BBD005BB4D8 /* WeatherView.swift */; };
		223FB3A423764E97005BB4D8 /* sample-weather-data.json in Resources */ = {isa = PBXBuildFile; fileRef = 223FB3A323764E97005BB4D8 /* sample-weather-data.json */; };
		223FB3A6237660AB005BB4D8 /* WeatherViewPresentational.swift in Sources */ = {isa = PBXBuildFile; fileRef = 223FB3A5237660AB005BB4D8 /* WeatherViewPresentational.swift */; };
		223FB3A82376613A005BB4D8 /* CurrentLocationWeatherView.swift in Sources */ = {isa = PBXBuildFile; fileRef = 223FB3A72376613A005BB4D8 /* CurrentLocationWeatherView.swift */; };
		223FB3AD237662CA005BB4D8 /* LocationName.swift in Sources */ = {isa = PBXBuildFile; fileRef = 223FB3AC237662CA005BB4D8 /* LocationName.swift */; };
		224F62572367F0E500A73E2E /* AddLocationView.swift in Sources */ = {isa = PBXBuildFile; fileRef = 224F62562367F0E500A73E2E /* AddLocationView.swift */; };
		224F625923681C9A00A73E2E /* SWWeather.swift in Sources */ = {isa = PBXBuildFile; fileRef = 224F625823681C9A00A73E2E /* SWWeather.swift */; };
		2256B46C2362DEDA009C9F13 /* ContentView.swift in Sources */ = {isa = PBXBuildFile; fileRef = 229D3E44236036730035FD66 /* ContentView.swift */; };
		2256B46E2362DEEC009C9F13 /* WillyWeatherAPI.swift in Sources */ = {isa = PBXBuildFile; fileRef = 2256B46D2362DEEC009C9F13 /* WillyWeatherAPI.swift */; };
		2256B4712363BFDF009C9F13 /* UserDataModel.xcdatamodeld in Sources */ = {isa = PBXBuildFile; fileRef = 2256B46F2363BFDF009C9F13 /* UserDataModel.xcdatamodeld */; };
		226B156023777CD100D05ED1 /* SJDCache.swift in Sources */ = {isa = PBXBuildFile; fileRef = 226B155F23777CD100D05ED1 /* SJDCache.swift */; };
		226B156223777CF400D05ED1 /* SJDFetch.swift in Sources */ = {isa = PBXBuildFile; fileRef = 226B156123777CF400D05ED1 /* SJDFetch.swift */; };
		226B156623777D2600D05ED1 /* WWLocation.swift in Sources */ = {isa = PBXBuildFile; fileRef = 226B156523777D2600D05ED1 /* WWLocation.swift */; };
		226B156823777D4C00D05ED1 /* WWWeatherData.swift in Sources */ = {isa = PBXBuildFile; fileRef = 226B156723777D4C00D05ED1 /* WWWeatherData.swift */; };
		226B156A23777D6B00D05ED1 /* WWLocationCoordSearchResult.swift in Sources */ = {isa = PBXBuildFile; fileRef = 226B156923777D6B00D05ED1 /* WWLocationCoordSearchResult.swift */; };
		226B156E2377836C00D05ED1 /* Days.swift in Sources */ = {isa = PBXBuildFile; fileRef = 226B156D2377836C00D05ED1 /* Days.swift */; };
		226B157023778A8000D05ED1 /* DecodeLocalJSON.swift in Sources */ = {isa = PBXBuildFile; fileRef = 226B156F23778A8000D05ED1 /* DecodeLocalJSON.swift */; };
		226B157223778F3C00D05ED1 /* Hours.swift in Sources */ = {isa = PBXBuildFile; fileRef = 226B157123778F3C00D05ED1 /* Hours.swift */; };
		226B1574237792E000D05ED1 /* extensions.swift in Sources */ = {isa = PBXBuildFile; fileRef = 226B1573237792E000D05ED1 /* extensions.swift */; };
		226B15762377998B00D05ED1 /* WeatherStats.swift in Sources */ = {isa = PBXBuildFile; fileRef = 226B15752377998B00D05ED1 /* WeatherStats.swift */; };
		22768551237F6B0A002BCDBB /* BottomBar.swift in Sources */ = {isa = PBXBuildFile; fileRef = 22768550237F6B0A002BCDBB /* BottomBar.swift */; };
		22768553237F792B002BCDBB /* Loading.swift in Sources */ = {isa = PBXBuildFile; fileRef = 22768552237F792B002BCDBB /* Loading.swift */; };
		2281F4F8238148F60033E499 /* WWMapData.swift in Sources */ = {isa = PBXBuildFile; fileRef = 2281F4F7238148F60033E499 /* WWMapData.swift */; };
		2281F4FA23814A680033E499 /* RainRadar.swift in Sources */ = {isa = PBXBuildFile; fileRef = 2281F4F923814A680033E499 /* RainRadar.swift */; };
		2284BAE723EFE1B000E15FCF /* Interface.storyboard in Resources */ = {isa = PBXBuildFile; fileRef = 2284BAE523EFE1B000E15FCF /* Interface.storyboard */; };
		2284BAE923EFE1B100E15FCF /* Assets.xcassets in Resources */ = {isa = PBXBuildFile; fileRef = 2284BAE823EFE1B100E15FCF /* Assets.xcassets */; };
		2284BAF023EFE1B100E15FCF /* sweather-watch Extension.appex in Embed App Extensions */ = {isa = PBXBuildFile; fileRef = 2284BAEF23EFE1B100E15FCF /* sweather-watch Extension.appex */; settings = {ATTRIBUTES = (RemoveHeadersOnCopy, ); }; };
		2284BAF523EFE1B100E15FCF /* WatchContentView.swift in Sources */ = {isa = PBXBuildFile; fileRef = 2284BAF423EFE1B100E15FCF /* WatchContentView.swift */; };
		2284BAF723EFE1B100E15FCF /* HostingController.swift in Sources */ = {isa = PBXBuildFile; fileRef = 2284BAF623EFE1B100E15FCF /* HostingController.swift */; };
		2284BAF923EFE1B100E15FCF /* ExtensionDelegate.swift in Sources */ = {isa = PBXBuildFile; fileRef = 2284BAF823EFE1B100E15FCF /* ExtensionDelegate.swift */; };
		2284BAFB23EFE1B100E15FCF /* NotificationController.swift in Sources */ = {isa = PBXBuildFile; fileRef = 2284BAFA23EFE1B100E15FCF /* NotificationController.swift */; };
		2284BAFD23EFE1B100E15FCF /* NotificationView.swift in Sources */ = {isa = PBXBuildFile; fileRef = 2284BAFC23EFE1B100E15FCF /* NotificationView.swift */; };
		2284BAFF23EFE1B100E15FCF /* ComplicationController.swift in Sources */ = {isa = PBXBuildFile; fileRef = 2284BAFE23EFE1B100E15FCF /* ComplicationController.swift */; };
		2284BB0123EFE1B100E15FCF /* Assets.xcassets in Resources */ = {isa = PBXBuildFile; fileRef = 2284BB0023EFE1B100E15FCF /* Assets.xcassets */; };
		2284BB0423EFE1B100E15FCF /* Preview Assets.xcassets in Resources */ = {isa = PBXBuildFile; fileRef = 2284BB0323EFE1B100E15FCF /* Preview Assets.xcassets */; };
		2284BB1223EFE47500E15FCF /* WWDataManagers.swift in Sources */ = {isa = PBXBuildFile; fileRef = 22FB72222367DF9B00116C22 /* WWDataManagers.swift */; };
		2284BB1323EFE4C700E15FCF /* WillyWeatherAPI.swift in Sources */ = {isa = PBXBuildFile; fileRef = 2256B46D2362DEEC009C9F13 /* WillyWeatherAPI.swift */; };
		2284BB1423EFE4CC00E15FCF /* WWLocation.swift in Sources */ = {isa = PBXBuildFile; fileRef = 226B156523777D2600D05ED1 /* WWLocation.swift */; };
		2284BB1523EFE4CC00E15FCF /* WWWeatherData.swift in Sources */ = {isa = PBXBuildFile; fileRef = 226B156723777D4C00D05ED1 /* WWWeatherData.swift */; };
		2284BB1623EFE4CC00E15FCF /* WWLocationCoordSearchResult.swift in Sources */ = {isa = PBXBuildFile; fileRef = 226B156923777D6B00D05ED1 /* WWLocationCoordSearchResult.swift */; };
		2284BB1723EFE4CC00E15FCF /* WWMapData.swift in Sources */ = {isa = PBXBuildFile; fileRef = 2281F4F7238148F60033E499 /* WWMapData.swift */; };
		2284BB1823EFE4DA00E15FCF /* SWWeather.swift in Sources */ = {isa = PBXBuildFile; fileRef = 224F625823681C9A00A73E2E /* SWWeather.swift */; };
		2284BB1923EFE5E500E15FCF /* SJDCache.swift in Sources */ = {isa = PBXBuildFile; fileRef = 226B155F23777CD100D05ED1 /* SJDCache.swift */; };
		2284BB1A23EFE5E800E15FCF /* SJDFetch.swift in Sources */ = {isa = PBXBuildFile; fileRef = 226B156123777CF400D05ED1 /* SJDFetch.swift */; };
		2284BB1B23EFE9DC00E15FCF /* extensions.swift in Sources */ = {isa = PBXBuildFile; fileRef = 226B1573237792E000D05ED1 /* extensions.swift */; };
		2284BB1C23EFEA2400E15FCF /* GeneralExtensions.swift in Sources */ = {isa = PBXBuildFile; fileRef = 22FA8DDE23EF73DE00FFA1CD /* GeneralExtensions.swift */; };
		2284BB1E23EFEA9100E15FCF /* WatchWeatherView.swift in Sources */ = {isa = PBXBuildFile; fileRef = 2284BB1D23EFEA9100E15FCF /* WatchWeatherView.swift */; };
		2284BB1F23EFEACA00E15FCF /* SampleWeatherData.swift in Sources */ = {isa = PBXBuildFile; fileRef = 223AE8E7237670F100E17875 /* SampleWeatherData.swift */; };
		2284BB2023EFEADC00E15FCF /* DecodeLocalJSON.swift in Sources */ = {isa = PBXBuildFile; fileRef = 226B156F23778A8000D05ED1 /* DecodeLocalJSON.swift */; };
		22869E4223EFF05B00E1D8BF /* BackgroundGradient.swift in Sources */ = {isa = PBXBuildFile; fileRef = 22A8350B23EFEE3300D0310D /* BackgroundGradient.swift */; };
		22869E4423F0126C00E1D8BF /* SharedSWWeatherData.swift in Sources */ = {isa = PBXBuildFile; fileRef = 22869E4323F0126C00E1D8BF /* SharedSWWeatherData.swift */; };
		22869E4523F0133300E1D8BF /* SharedSWWeatherData.swift in Sources */ = {isa = PBXBuildFile; fileRef = 22869E4323F0126C00E1D8BF /* SharedSWWeatherData.swift */; };
		22869E4723F0140700E1D8BF /* WatchComplicationHelper.swift in Sources */ = {isa = PBXBuildFile; fileRef = 22869E4623F0140700E1D8BF /* WatchComplicationHelper.swift */; };
		22869E4823F0140700E1D8BF /* WatchComplicationHelper.swift in Sources */ = {isa = PBXBuildFile; fileRef = 22869E4623F0140700E1D8BF /* WatchComplicationHelper.swift */; };
		229D3E41236036730035FD66 /* AppDelegate.swift in Sources */ = {isa = PBXBuildFile; fileRef = 229D3E40236036730035FD66 /* AppDelegate.swift */; };
		229D3E43236036730035FD66 /* SceneDelegate.swift in Sources */ = {isa = PBXBuildFile; fileRef = 229D3E42236036730035FD66 /* SceneDelegate.swift */; };
		229D3E47236036750035FD66 /* Assets.xcassets in Resources */ = {isa = PBXBuildFile; fileRef = 229D3E46236036750035FD66 /* Assets.xcassets */; };
		229D3E4A236036750035FD66 /* Preview Assets.xcassets in Resources */ = {isa = PBXBuildFile; fileRef = 229D3E49236036750035FD66 /* Preview Assets.xcassets */; };
		229D3E4D236036750035FD66 /* LaunchScreen.storyboard in Resources */ = {isa = PBXBuildFile; fileRef = 229D3E4B236036750035FD66 /* LaunchScreen.storyboard */; };
		22A8350923EFECEA00D0310D /* sample-weather-data.json in Resources */ = {isa = PBXBuildFile; fileRef = 223FB3A323764E97005BB4D8 /* sample-weather-data.json */; };
		22A8350A23EFECEA00D0310D /* sample-location-data.json in Resources */ = {isa = PBXBuildFile; fileRef = 223AE8E12376673F00E17875 /* sample-location-data.json */; };
		22A8350C23EFEE3300D0310D /* BackgroundGradient.swift in Sources */ = {isa = PBXBuildFile; fileRef = 22A8350B23EFEE3300D0310D /* BackgroundGradient.swift */; };
		22C6822B236798EC00B1919F /* PageViewController.swift in Sources */ = {isa = PBXBuildFile; fileRef = 22C6822A236798EC00B1919F /* PageViewController.swift */; };
		22C6822E2367A10300B1919F /* PageView.swift in Sources */ = {isa = PBXBuildFile; fileRef = 22C6822D2367A10300B1919F /* PageView.swift */; };
		22C682302367A12E00B1919F /* PageControl.swift in Sources */ = {isa = PBXBuildFile; fileRef = 22C6822F2367A12E00B1919F /* PageControl.swift */; };
		22CC1F2623EFB50300763884 /* CustomIconPicker.swift in Sources */ = {isa = PBXBuildFile; fileRef = 22CC1F2523EFB50300763884 /* CustomIconPicker.swift */; };
		22ECEB812453B5E20020751A /* custom-6.png in Resources */ = {isa = PBXBuildFile; fileRef = 22ECEB6C2453B5E10020751A /* custom-6.png */; };
		22ECEB822453B5E20020751A /* custom-5-sun.png in Resources */ = {isa = PBXBuildFile; fileRef = 22ECEB6D2453B5E10020751A /* custom-5-sun.png */; };
		22ECEB832453B5E20020751A /* custom-3-snow.png in Resources */ = {isa = PBXBuildFile; fileRef = 22ECEB6E2453B5E10020751A /* custom-3-snow.png */; };
		22ECEB842453B5E20020751A /* custom-4-snow.png in Resources */ = {isa = PBXBuildFile; fileRef = 22ECEB6F2453B5E10020751A /* custom-4-snow.png */; };
		22ECEB852453B5E20020751A /* custom-6-sun.png in Resources */ = {isa = PBXBuildFile; fileRef = 22ECEB702453B5E10020751A /* custom-6-sun.png */; };
		22ECEB862453B5E20020751A /* custom-1-sun.png in Resources */ = {isa = PBXBuildFile; fileRef = 22ECEB712453B5E10020751A /* custom-1-sun.png */; };
		22ECEB872453B5E20020751A /* custom-2-sun.png in Resources */ = {isa = PBXBuildFile; fileRef = 22ECEB722453B5E10020751A /* custom-2-sun.png */; };
		22ECEB882453B5E20020751A /* custom-1-snow.png in Resources */ = {isa = PBXBuildFile; fileRef = 22ECEB732453B5E10020751A /* custom-1-snow.png */; };
		22ECEB892453B5E20020751A /* custom-2-snow.png in Resources */ = {isa = PBXBuildFile; fileRef = 22ECEB742453B5E10020751A /* custom-2-snow.png */; };
		22ECEB8A2453B5E20020751A /* custom-4.png in Resources */ = {isa = PBXBuildFile; fileRef = 22ECEB752453B5E10020751A /* custom-4.png */; };
		22ECEB8B2453B5E20020751A /* custom-6-snow.png in Resources */ = {isa = PBXBuildFile; fileRef = 22ECEB762453B5E10020751A /* custom-6-snow.png */; };
		22ECEB8C2453B5E20020751A /* default-sun.png in Resources */ = {isa = PBXBuildFile; fileRef = 22ECEB772453B5E10020751A /* default-sun.png */; };
		22ECEB8D2453B5E20020751A /* custom-3.png in Resources */ = {isa = PBXBuildFile; fileRef = 22ECEB782453B5E10020751A /* custom-3.png */; };
		22ECEB8E2453B5E20020751A /* custom-3-sun.png in Resources */ = {isa = PBXBuildFile; fileRef = 22ECEB792453B5E10020751A /* custom-3-sun.png */; };
		22ECEB8F2453B5E20020751A /* custom-5-snow.png in Resources */ = {isa = PBXBuildFile; fileRef = 22ECEB7A2453B5E10020751A /* custom-5-snow.png */; };
		22ECEB902453B5E20020751A /* custom-5.png in Resources */ = {isa = PBXBuildFile; fileRef = 22ECEB7B2453B5E10020751A /* custom-5.png */; };
		22ECEB912453B5E20020751A /* custom-2.png in Resources */ = {isa = PBXBuildFile; fileRef = 22ECEB7C2453B5E10020751A /* custom-2.png */; };
		22ECEB922453B5E20020751A /* default-snow.png in Resources */ = {isa = PBXBuildFile; fileRef = 22ECEB7D2453B5E10020751A /* default-snow.png */; };
		22ECEB932453B5E20020751A /* default.png in Resources */ = {isa = PBXBuildFile; fileRef = 22ECEB7E2453B5E20020751A /* default.png */; };
		22ECEB942453B5E20020751A /* custom-1.png in Resources */ = {isa = PBXBuildFile; fileRef = 22ECEB7F2453B5E20020751A /* custom-1.png */; };
		22ECEB952453B5E20020751A /* custom-4-sun.png in Resources */ = {isa = PBXBuildFile; fileRef = 22ECEB802453B5E20020751A /* custom-4-sun.png */; };
		22ECEB972453C0FC0020751A /* HostingController.swift in Sources */ = {isa = PBXBuildFile; fileRef = 22ECEB962453C0FC0020751A /* HostingController.swift */; };
		22FA8DDF23EF73DE00FFA1CD /* GeneralExtensions.swift in Sources */ = {isa = PBXBuildFile; fileRef = 22FA8DDE23EF73DE00FFA1CD /* GeneralExtensions.swift */; };
		22FA8DE123EF926B00FFA1CD /* Settings.swift in Sources */ = {isa = PBXBuildFile; fileRef = 22FA8DE023EF926B00FFA1CD /* Settings.swift */; };
		22FB72212367DCE100116C22 /* SessionData.swift in Sources */ = {isa = PBXBuildFile; fileRef = 22FB72202367DCE100116C22 /* SessionData.swift */; };
		22FB72232367DF9B00116C22 /* WWDataManagers.swift in Sources */ = {isa = PBXBuildFile; fileRef = 22FB72222367DF9B00116C22 /* WWDataManagers.swift */; };
		22FB72252367E58F00116C22 /* LocationsListView.swift in Sources */ = {isa = PBXBuildFile; fileRef = 22FB72242367E58F00116C22 /* LocationsListView.swift */; };
/* End PBXBuildFile section */

/* Begin PBXContainerItemProxy section */
		2284BAF123EFE1B100E15FCF /* PBXContainerItemProxy */ = {
			isa = PBXContainerItemProxy;
			containerPortal = 229D3E35236036730035FD66 /* Project object */;
			proxyType = 1;
			remoteGlobalIDString = 2284BAEE23EFE1B100E15FCF;
			remoteInfo = "sweather-watch Extension";
		};
/* End PBXContainerItemProxy section */

/* Begin PBXCopyFilesBuildPhase section */
		2284BB0A23EFE1B100E15FCF /* Embed Watch Content */ = {
			isa = PBXCopyFilesBuildPhase;
			buildActionMask = 2147483647;
			dstPath = "$(CONTENTS_FOLDER_PATH)/Watch";
			dstSubfolderSpec = 16;
			files = (
			);
			name = "Embed Watch Content";
			runOnlyForDeploymentPostprocessing = 0;
		};
		2284BB0D23EFE1B100E15FCF /* Embed App Extensions */ = {
			isa = PBXCopyFilesBuildPhase;
			buildActionMask = 2147483647;
			dstPath = "";
			dstSubfolderSpec = 13;
			files = (
				2284BAF023EFE1B100E15FCF /* sweather-watch Extension.appex in Embed App Extensions */,
			);
			name = "Embed App Extensions";
			runOnlyForDeploymentPostprocessing = 0;
		};
/* End PBXCopyFilesBuildPhase section */

/* Begin PBXFileReference section */
		223AE8E12376673F00E17875 /* sample-location-data.json */ = {isa = PBXFileReference; lastKnownFileType = text.json; path = "sample-location-data.json"; sourceTree = "<group>"; };
		223AE8E3237667BD00E17875 /* PrecisIcon.swift */ = {isa = PBXFileReference; lastKnownFileType = sourcecode.swift; path = PrecisIcon.swift; sourceTree = "<group>"; };
		223AE8E523766FF000E17875 /* HighLow.swift */ = {isa = PBXFileReference; lastKnownFileType = sourcecode.swift; path = HighLow.swift; sourceTree = "<group>"; };
		223AE8E7237670F100E17875 /* SampleWeatherData.swift */ = {isa = PBXFileReference; lastKnownFileType = sourcecode.swift; path = SampleWeatherData.swift; sourceTree = "<group>"; };
		223AE8EB237677F500E17875 /* RainChance.swift */ = {isa = PBXFileReference; lastKnownFileType = sourcecode.swift; path = RainChance.swift; sourceTree = "<group>"; };
		223FB3A023764BBD005BB4D8 /* WeatherView.swift */ = {isa = PBXFileReference; lastKnownFileType = sourcecode.swift; path = WeatherView.swift; sourceTree = "<group>"; };
		223FB3A323764E97005BB4D8 /* sample-weather-data.json */ = {isa = PBXFileReference; lastKnownFileType = text.json; path = "sample-weather-data.json"; sourceTree = "<group>"; };
		223FB3A5237660AB005BB4D8 /* WeatherViewPresentational.swift */ = {isa = PBXFileReference; lastKnownFileType = sourcecode.swift; path = WeatherViewPresentational.swift; sourceTree = "<group>"; };
		223FB3A72376613A005BB4D8 /* CurrentLocationWeatherView.swift */ = {isa = PBXFileReference; lastKnownFileType = sourcecode.swift; path = CurrentLocationWeatherView.swift; sourceTree = "<group>"; };
		223FB3AC237662CA005BB4D8 /* LocationName.swift */ = {isa = PBXFileReference; lastKnownFileType = sourcecode.swift; path = LocationName.swift; sourceTree = "<group>"; };
		224F62562367F0E500A73E2E /* AddLocationView.swift */ = {isa = PBXFileReference; lastKnownFileType = sourcecode.swift; path = AddLocationView.swift; sourceTree = "<group>"; };
		224F625823681C9A00A73E2E /* SWWeather.swift */ = {isa = PBXFileReference; lastKnownFileType = sourcecode.swift; path = SWWeather.swift; sourceTree = "<group>"; };
		2256B46D2362DEEC009C9F13 /* WillyWeatherAPI.swift */ = {isa = PBXFileReference; lastKnownFileType = sourcecode.swift; path = WillyWeatherAPI.swift; sourceTree = "<group>"; };
		2256B4702363BFDF009C9F13 /* LocationsModel.xcdatamodel */ = {isa = PBXFileReference; lastKnownFileType = wrapper.xcdatamodel; path = LocationsModel.xcdatamodel; sourceTree = "<group>"; };
		226B155F23777CD100D05ED1 /* SJDCache.swift */ = {isa = PBXFileReference; lastKnownFileType = sourcecode.swift; path = SJDCache.swift; sourceTree = "<group>"; };
		226B156123777CF400D05ED1 /* SJDFetch.swift */ = {isa = PBXFileReference; lastKnownFileType = sourcecode.swift; path = SJDFetch.swift; sourceTree = "<group>"; };
		226B156523777D2600D05ED1 /* WWLocation.swift */ = {isa = PBXFileReference; lastKnownFileType = sourcecode.swift; path = WWLocation.swift; sourceTree = "<group>"; };
		226B156723777D4C00D05ED1 /* WWWeatherData.swift */ = {isa = PBXFileReference; lastKnownFileType = sourcecode.swift; path = WWWeatherData.swift; sourceTree = "<group>"; };
		226B156923777D6B00D05ED1 /* WWLocationCoordSearchResult.swift */ = {isa = PBXFileReference; lastKnownFileType = sourcecode.swift; path = WWLocationCoordSearchResult.swift; sourceTree = "<group>"; };
		226B156D2377836C00D05ED1 /* Days.swift */ = {isa = PBXFileReference; lastKnownFileType = sourcecode.swift; path = Days.swift; sourceTree = "<group>"; };
		226B156F23778A8000D05ED1 /* DecodeLocalJSON.swift */ = {isa = PBXFileReference; lastKnownFileType = sourcecode.swift; path = DecodeLocalJSON.swift; sourceTree = "<group>"; };
		226B157123778F3C00D05ED1 /* Hours.swift */ = {isa = PBXFileReference; lastKnownFileType = sourcecode.swift; path = Hours.swift; sourceTree = "<group>"; };
		226B1573237792E000D05ED1 /* extensions.swift */ = {isa = PBXFileReference; lastKnownFileType = sourcecode.swift; path = extensions.swift; sourceTree = "<group>"; };
		226B15752377998B00D05ED1 /* WeatherStats.swift */ = {isa = PBXFileReference; lastKnownFileType = sourcecode.swift; path = WeatherStats.swift; sourceTree = "<group>"; };
		22768550237F6B0A002BCDBB /* BottomBar.swift */ = {isa = PBXFileReference; lastKnownFileType = sourcecode.swift; path = BottomBar.swift; sourceTree = "<group>"; };
		22768552237F792B002BCDBB /* Loading.swift */ = {isa = PBXFileReference; lastKnownFileType = sourcecode.swift; path = Loading.swift; sourceTree = "<group>"; };
		2281F4F7238148F60033E499 /* WWMapData.swift */ = {isa = PBXFileReference; lastKnownFileType = sourcecode.swift; path = WWMapData.swift; sourceTree = "<group>"; };
		2281F4F923814A680033E499 /* RainRadar.swift */ = {isa = PBXFileReference; lastKnownFileType = sourcecode.swift; path = RainRadar.swift; sourceTree = "<group>"; };
		2284BAE323EFE1B000E15FCF /* sweather-watch.app */ = {isa = PBXFileReference; explicitFileType = wrapper.application; includeInIndex = 0; path = "sweather-watch.app"; sourceTree = BUILT_PRODUCTS_DIR; };
		2284BAE623EFE1B000E15FCF /* Base */ = {isa = PBXFileReference; lastKnownFileType = file.storyboard; name = Base; path = Base.lproj/Interface.storyboard; sourceTree = "<group>"; };
		2284BAE823EFE1B100E15FCF /* Assets.xcassets */ = {isa = PBXFileReference; lastKnownFileType = folder.assetcatalog; path = Assets.xcassets; sourceTree = "<group>"; };
		2284BAEA23EFE1B100E15FCF /* Info.plist */ = {isa = PBXFileReference; lastKnownFileType = text.plist.xml; path = Info.plist; sourceTree = "<group>"; };
		2284BAEF23EFE1B100E15FCF /* sweather-watch Extension.appex */ = {isa = PBXFileReference; explicitFileType = "wrapper.app-extension"; includeInIndex = 0; path = "sweather-watch Extension.appex"; sourceTree = BUILT_PRODUCTS_DIR; };
		2284BAF423EFE1B100E15FCF /* WatchContentView.swift */ = {isa = PBXFileReference; lastKnownFileType = sourcecode.swift; path = WatchContentView.swift; sourceTree = "<group>"; };
		2284BAF623EFE1B100E15FCF /* HostingController.swift */ = {isa = PBXFileReference; lastKnownFileType = sourcecode.swift; path = HostingController.swift; sourceTree = "<group>"; };
		2284BAF823EFE1B100E15FCF /* ExtensionDelegate.swift */ = {isa = PBXFileReference; lastKnownFileType = sourcecode.swift; path = ExtensionDelegate.swift; sourceTree = "<group>"; };
		2284BAFA23EFE1B100E15FCF /* NotificationController.swift */ = {isa = PBXFileReference; lastKnownFileType = sourcecode.swift; path = NotificationController.swift; sourceTree = "<group>"; };
		2284BAFC23EFE1B100E15FCF /* NotificationView.swift */ = {isa = PBXFileReference; lastKnownFileType = sourcecode.swift; path = NotificationView.swift; sourceTree = "<group>"; };
		2284BAFE23EFE1B100E15FCF /* ComplicationController.swift */ = {isa = PBXFileReference; lastKnownFileType = sourcecode.swift; path = ComplicationController.swift; sourceTree = "<group>"; };
		2284BB0023EFE1B100E15FCF /* Assets.xcassets */ = {isa = PBXFileReference; lastKnownFileType = folder.assetcatalog; path = Assets.xcassets; sourceTree = "<group>"; };
		2284BB0323EFE1B100E15FCF /* Preview Assets.xcassets */ = {isa = PBXFileReference; lastKnownFileType = folder.assetcatalog; path = "Preview Assets.xcassets"; sourceTree = "<group>"; };
		2284BB0523EFE1B100E15FCF /* Info.plist */ = {isa = PBXFileReference; lastKnownFileType = text.plist.xml; path = Info.plist; sourceTree = "<group>"; };
		2284BB0623EFE1B100E15FCF /* PushNotificationPayload.apns */ = {isa = PBXFileReference; lastKnownFileType = text; path = PushNotificationPayload.apns; sourceTree = "<group>"; };
		2284BB1D23EFEA9100E15FCF /* WatchWeatherView.swift */ = {isa = PBXFileReference; lastKnownFileType = sourcecode.swift; path = WatchWeatherView.swift; sourceTree = "<group>"; };
		22869E4323F0126C00E1D8BF /* SharedSWWeatherData.swift */ = {isa = PBXFileReference; lastKnownFileType = sourcecode.swift; path = SharedSWWeatherData.swift; sourceTree = "<group>"; };
		22869E4623F0140700E1D8BF /* WatchComplicationHelper.swift */ = {isa = PBXFileReference; lastKnownFileType = sourcecode.swift; path = WatchComplicationHelper.swift; sourceTree = "<group>"; };
		229D3E3D236036730035FD66 /* Sweather 2.app */ = {isa = PBXFileReference; explicitFileType = wrapper.application; includeInIndex = 0; path = "Sweather 2.app"; sourceTree = BUILT_PRODUCTS_DIR; };
		229D3E40236036730035FD66 /* AppDelegate.swift */ = {isa = PBXFileReference; lastKnownFileType = sourcecode.swift; path = AppDelegate.swift; sourceTree = "<group>"; };
		229D3E42236036730035FD66 /* SceneDelegate.swift */ = {isa = PBXFileReference; lastKnownFileType = sourcecode.swift; path = SceneDelegate.swift; sourceTree = "<group>"; };
		229D3E44236036730035FD66 /* ContentView.swift */ = {isa = PBXFileReference; lastKnownFileType = sourcecode.swift; path = ContentView.swift; sourceTree = "<group>"; };
		229D3E46236036750035FD66 /* Assets.xcassets */ = {isa = PBXFileReference; lastKnownFileType = folder.assetcatalog; path = Assets.xcassets; sourceTree = "<group>"; };
		229D3E49236036750035FD66 /* Preview Assets.xcassets */ = {isa = PBXFileReference; lastKnownFileType = folder.assetcatalog; path = "Preview Assets.xcassets"; sourceTree = "<group>"; };
		229D3E4C236036750035FD66 /* Base */ = {isa = PBXFileReference; lastKnownFileType = file.storyboard; name = Base; path = Base.lproj/LaunchScreen.storyboard; sourceTree = "<group>"; };
		229D3E4E236036750035FD66 /* Info.plist */ = {isa = PBXFileReference; lastKnownFileType = text.plist.xml; path = Info.plist; sourceTree = "<group>"; };
		22A8350B23EFEE3300D0310D /* BackgroundGradient.swift */ = {isa = PBXFileReference; lastKnownFileType = sourcecode.swift; path = BackgroundGradient.swift; sourceTree = "<group>"; };
		22C6822A236798EC00B1919F /* PageViewController.swift */ = {isa = PBXFileReference; lastKnownFileType = sourcecode.swift; path = PageViewController.swift; sourceTree = "<group>"; };
		22C6822D2367A10300B1919F /* PageView.swift */ = {isa = PBXFileReference; lastKnownFileType = sourcecode.swift; path = PageView.swift; sourceTree = "<group>"; };
		22C6822F2367A12E00B1919F /* PageControl.swift */ = {isa = PBXFileReference; lastKnownFileType = sourcecode.swift; path = PageControl.swift; sourceTree = "<group>"; };
		22CC1F2523EFB50300763884 /* CustomIconPicker.swift */ = {isa = PBXFileReference; lastKnownFileType = sourcecode.swift; path = CustomIconPicker.swift; sourceTree = "<group>"; };
		22ECEB6C2453B5E10020751A /* custom-6.png */ = {isa = PBXFileReference; lastKnownFileType = image.png; path = "custom-6.png"; sourceTree = "<group>"; };
		22ECEB6D2453B5E10020751A /* custom-5-sun.png */ = {isa = PBXFileReference; lastKnownFileType = image.png; path = "custom-5-sun.png"; sourceTree = "<group>"; };
		22ECEB6E2453B5E10020751A /* custom-3-snow.png */ = {isa = PBXFileReference; lastKnownFileType = image.png; path = "custom-3-snow.png"; sourceTree = "<group>"; };
		22ECEB6F2453B5E10020751A /* custom-4-snow.png */ = {isa = PBXFileReference; lastKnownFileType = image.png; path = "custom-4-snow.png"; sourceTree = "<group>"; };
		22ECEB702453B5E10020751A /* custom-6-sun.png */ = {isa = PBXFileReference; lastKnownFileType = image.png; path = "custom-6-sun.png"; sourceTree = "<group>"; };
		22ECEB712453B5E10020751A /* custom-1-sun.png */ = {isa = PBXFileReference; lastKnownFileType = image.png; path = "custom-1-sun.png"; sourceTree = "<group>"; };
		22ECEB722453B5E10020751A /* custom-2-sun.png */ = {isa = PBXFileReference; lastKnownFileType = image.png; path = "custom-2-sun.png"; sourceTree = "<group>"; };
		22ECEB732453B5E10020751A /* custom-1-snow.png */ = {isa = PBXFileReference; lastKnownFileType = image.png; path = "custom-1-snow.png"; sourceTree = "<group>"; };
		22ECEB742453B5E10020751A /* custom-2-snow.png */ = {isa = PBXFileReference; lastKnownFileType = image.png; path = "custom-2-snow.png"; sourceTree = "<group>"; };
		22ECEB752453B5E10020751A /* custom-4.png */ = {isa = PBXFileReference; lastKnownFileType = image.png; path = "custom-4.png"; sourceTree = "<group>"; };
		22ECEB762453B5E10020751A /* custom-6-snow.png */ = {isa = PBXFileReference; lastKnownFileType = image.png; path = "custom-6-snow.png"; sourceTree = "<group>"; };
		22ECEB772453B5E10020751A /* default-sun.png */ = {isa = PBXFileReference; lastKnownFileType = image.png; path = "default-sun.png"; sourceTree = "<group>"; };
		22ECEB782453B5E10020751A /* custom-3.png */ = {isa = PBXFileReference; lastKnownFileType = image.png; path = "custom-3.png"; sourceTree = "<group>"; };
		22ECEB792453B5E10020751A /* custom-3-sun.png */ = {isa = PBXFileReference; lastKnownFileType = image.png; path = "custom-3-sun.png"; sourceTree = "<group>"; };
		22ECEB7A2453B5E10020751A /* custom-5-snow.png */ = {isa = PBXFileReference; lastKnownFileType = image.png; path = "custom-5-snow.png"; sourceTree = "<group>"; };
		22ECEB7B2453B5E10020751A /* custom-5.png */ = {isa = PBXFileReference; lastKnownFileType = image.png; path = "custom-5.png"; sourceTree = "<group>"; };
		22ECEB7C2453B5E10020751A /* custom-2.png */ = {isa = PBXFileReference; lastKnownFileType = image.png; path = "custom-2.png"; sourceTree = "<group>"; };
		22ECEB7D2453B5E10020751A /* default-snow.png */ = {isa = PBXFileReference; lastKnownFileType = image.png; path = "default-snow.png"; sourceTree = "<group>"; };
		22ECEB7E2453B5E20020751A /* default.png */ = {isa = PBXFileReference; lastKnownFileType = image.png; path = default.png; sourceTree = "<group>"; };
		22ECEB7F2453B5E20020751A /* custom-1.png */ = {isa = PBXFileReference; lastKnownFileType = image.png; path = "custom-1.png"; sourceTree = "<group>"; };
		22ECEB802453B5E20020751A /* custom-4-sun.png */ = {isa = PBXFileReference; lastKnownFileType = image.png; path = "custom-4-sun.png"; sourceTree = "<group>"; };
		22ECEB962453C0FC0020751A /* HostingController.swift */ = {isa = PBXFileReference; lastKnownFileType = sourcecode.swift; path = HostingController.swift; sourceTree = "<group>"; };
		22ECEB992453C5570020751A /* config.xcconfig */ = {isa = PBXFileReference; lastKnownFileType = text.xcconfig; path = config.xcconfig; sourceTree = "<group>"; };
		22F3CC642372C7CD00B3F8B4 /* Sweather 2.entitlements */ = {isa = PBXFileReference; lastKnownFileType = text.plist.entitlements; path = "Sweather 2.entitlements"; sourceTree = "<group>"; };
		22FA8DDE23EF73DE00FFA1CD /* GeneralExtensions.swift */ = {isa = PBXFileReference; lastKnownFileType = sourcecode.swift; path = GeneralExtensions.swift; sourceTree = "<group>"; };
		22FA8DE023EF926B00FFA1CD /* Settings.swift */ = {isa = PBXFileReference; lastKnownFileType = sourcecode.swift; path = Settings.swift; sourceTree = "<group>"; };
		22FB72202367DCE100116C22 /* SessionData.swift */ = {isa = PBXFileReference; lastKnownFileType = sourcecode.swift; path = SessionData.swift; sourceTree = "<group>"; };
		22FB72222367DF9B00116C22 /* WWDataManagers.swift */ = {isa = PBXFileReference; lastKnownFileType = sourcecode.swift; path = WWDataManagers.swift; sourceTree = "<group>"; };
		22FB72242367E58F00116C22 /* LocationsListView.swift */ = {isa = PBXFileReference; lastKnownFileType = sourcecode.swift; path = LocationsListView.swift; sourceTree = "<group>"; };
/* End PBXFileReference section */

/* Begin PBXFrameworksBuildPhase section */
		2284BAEC23EFE1B100E15FCF /* Frameworks */ = {
			isa = PBXFrameworksBuildPhase;
			buildActionMask = 2147483647;
			files = (
			);
			runOnlyForDeploymentPostprocessing = 0;
		};
		229D3E3A236036730035FD66 /* Frameworks */ = {
			isa = PBXFrameworksBuildPhase;
			buildActionMask = 2147483647;
			files = (
			);
			runOnlyForDeploymentPostprocessing = 0;
		};
/* End PBXFrameworksBuildPhase section */

/* Begin PBXGroup section */
		223AE8E02376672B00E17875 /* Mock Data */ = {
			isa = PBXGroup;
			children = (
				223FB3A323764E97005BB4D8 /* sample-weather-data.json */,
				223AE8E12376673F00E17875 /* sample-location-data.json */,
				223AE8E7237670F100E17875 /* SampleWeatherData.swift */,
				226B156F23778A8000D05ED1 /* DecodeLocalJSON.swift */,
			);
			path = "Mock Data";
			sourceTree = "<group>";
		};
		223FB3A923766256005BB4D8 /* WeatherView */ = {
			isa = PBXGroup;
			children = (
				223FB3A5237660AB005BB4D8 /* WeatherViewPresentational.swift */,
				223FB3AB23766292005BB4D8 /* Supporting */,
				223FB3AA23766287005BB4D8 /* Containers */,
			);
			path = WeatherView;
			sourceTree = "<group>";
		};
		223FB3AA23766287005BB4D8 /* Containers */ = {
			isa = PBXGroup;
			children = (
				223FB3A023764BBD005BB4D8 /* WeatherView.swift */,
				223FB3A72376613A005BB4D8 /* CurrentLocationWeatherView.swift */,
			);
			path = Containers;
			sourceTree = "<group>";
		};
		223FB3AB23766292005BB4D8 /* Supporting */ = {
			isa = PBXGroup;
			children = (
				223FB3AC237662CA005BB4D8 /* LocationName.swift */,
				223AE8E3237667BD00E17875 /* PrecisIcon.swift */,
				223AE8E523766FF000E17875 /* HighLow.swift */,
				223AE8EB237677F500E17875 /* RainChance.swift */,
				226B156D2377836C00D05ED1 /* Days.swift */,
				226B157123778F3C00D05ED1 /* Hours.swift */,
				226B15752377998B00D05ED1 /* WeatherStats.swift */,
				22768552237F792B002BCDBB /* Loading.swift */,
				2281F4F923814A680033E499 /* RainRadar.swift */,
			);
			path = Supporting;
			sourceTree = "<group>";
		};
		226B156323777D0D00D05ED1 /* WillyWeatherAPI */ = {
			isa = PBXGroup;
			children = (
				226B156423777D1B00D05ED1 /* Models */,
				2256B46D2362DEEC009C9F13 /* WillyWeatherAPI.swift */,
			);
			path = WillyWeatherAPI;
			sourceTree = "<group>";
		};
		226B156423777D1B00D05ED1 /* Models */ = {
			isa = PBXGroup;
			children = (
				226B156523777D2600D05ED1 /* WWLocation.swift */,
				226B156723777D4C00D05ED1 /* WWWeatherData.swift */,
				226B156923777D6B00D05ED1 /* WWLocationCoordSearchResult.swift */,
				2281F4F7238148F60033E499 /* WWMapData.swift */,
			);
			path = Models;
			sourceTree = "<group>";
		};
		226B156B23777DAE00D05ED1 /* SJD Modules */ = {
			isa = PBXGroup;
			children = (
				226B155F23777CD100D05ED1 /* SJDCache.swift */,
				226B156123777CF400D05ED1 /* SJDFetch.swift */,
			);
			path = "SJD Modules";
			sourceTree = "<group>";
		};
		226B156C23777DC700D05ED1 /* Data Managers */ = {
			isa = PBXGroup;
			children = (
				22FB72222367DF9B00116C22 /* WWDataManagers.swift */,
			);
			path = "Data Managers";
			sourceTree = "<group>";
		};
		2284BAE423EFE1B000E15FCF /* sweather-watch */ = {
			isa = PBXGroup;
			children = (
				2284BAE523EFE1B000E15FCF /* Interface.storyboard */,
				2284BAE823EFE1B100E15FCF /* Assets.xcassets */,
				2284BAEA23EFE1B100E15FCF /* Info.plist */,
			);
			path = "sweather-watch";
			sourceTree = "<group>";
		};
		2284BAF323EFE1B100E15FCF /* sweather-watch Extension */ = {
			isa = PBXGroup;
			children = (
				2284BB1D23EFEA9100E15FCF /* WatchWeatherView.swift */,
				2284BAF423EFE1B100E15FCF /* WatchContentView.swift */,
				2284BAF623EFE1B100E15FCF /* HostingController.swift */,
				2284BAF823EFE1B100E15FCF /* ExtensionDelegate.swift */,
				2284BAFA23EFE1B100E15FCF /* NotificationController.swift */,
				2284BAFC23EFE1B100E15FCF /* NotificationView.swift */,
				2284BAFE23EFE1B100E15FCF /* ComplicationController.swift */,
				2284BB0023EFE1B100E15FCF /* Assets.xcassets */,
				2284BB0523EFE1B100E15FCF /* Info.plist */,
				2284BB0623EFE1B100E15FCF /* PushNotificationPayload.apns */,
				2284BB0223EFE1B100E15FCF /* Preview Content */,
				22869E4323F0126C00E1D8BF /* SharedSWWeatherData.swift */,
				22869E4623F0140700E1D8BF /* WatchComplicationHelper.swift */,
			);
			path = "sweather-watch Extension";
			sourceTree = "<group>";
		};
		2284BB0223EFE1B100E15FCF /* Preview Content */ = {
			isa = PBXGroup;
			children = (
				2284BB0323EFE1B100E15FCF /* Preview Assets.xcassets */,
			);
			path = "Preview Content";
			sourceTree = "<group>";
		};
		22898A8B23F6B6CB00995B98 /* Frameworks */ = {
			isa = PBXGroup;
			children = (
			);
			name = Frameworks;
			sourceTree = "<group>";
		};
		229D3E34236036730035FD66 = {
			isa = PBXGroup;
			children = (
				229D3E3F236036730035FD66 /* sweather-2 */,
				2284BAE423EFE1B000E15FCF /* sweather-watch */,
				2284BAF323EFE1B100E15FCF /* sweather-watch Extension */,
				229D3E3E236036730035FD66 /* Products */,
				22898A8B23F6B6CB00995B98 /* Frameworks */,
			);
			sourceTree = "<group>";
		};
		229D3E3E236036730035FD66 /* Products */ = {
			isa = PBXGroup;
			children = (
				229D3E3D236036730035FD66 /* Sweather 2.app */,
				2284BAE323EFE1B000E15FCF /* sweather-watch.app */,
				2284BAEF23EFE1B100E15FCF /* sweather-watch Extension.appex */,
			);
			name = Products;
			sourceTree = "<group>";
		};
		229D3E3F236036730035FD66 /* sweather-2 */ = {
			isa = PBXGroup;
			children = (
				22ECEB982453C5430020751A /* Build Config */,
				22ECEB6B2453B5D40020751A /* Custom Icons */,
				226B156C23777DC700D05ED1 /* Data Managers */,
				226B156B23777DAE00D05ED1 /* SJD Modules */,
				223AE8E02376672B00E17875 /* Mock Data */,
				226B156323777D0D00D05ED1 /* WillyWeatherAPI */,
				229D3E48236036750035FD66 /* Preview Content */,
				22C68229236798C400B1919F /* uikit-swiftui-ports */,
				223FB3A923766256005BB4D8 /* WeatherView */,
				22F3CC642372C7CD00B3F8B4 /* Sweather 2.entitlements */,
				229D3E46236036750035FD66 /* Assets.xcassets */,
				229D3E4B236036750035FD66 /* LaunchScreen.storyboard */,
				229D3E4E236036750035FD66 /* Info.plist */,
				2256B46F2363BFDF009C9F13 /* UserDataModel.xcdatamodeld */,
				229D3E40236036730035FD66 /* AppDelegate.swift */,
				229D3E42236036730035FD66 /* SceneDelegate.swift */,
				229D3E44236036730035FD66 /* ContentView.swift */,
				22FB72202367DCE100116C22 /* SessionData.swift */,
				22FB72242367E58F00116C22 /* LocationsListView.swift */,
				224F62562367F0E500A73E2E /* AddLocationView.swift */,
				224F625823681C9A00A73E2E /* SWWeather.swift */,
				226B1573237792E000D05ED1 /* extensions.swift */,
				22768550237F6B0A002BCDBB /* BottomBar.swift */,
				22FA8DDE23EF73DE00FFA1CD /* GeneralExtensions.swift */,
				22FA8DE023EF926B00FFA1CD /* Settings.swift */,
				22CC1F2523EFB50300763884 /* CustomIconPicker.swift */,
				22A8350B23EFEE3300D0310D /* BackgroundGradient.swift */,
				22ECEB962453C0FC0020751A /* HostingController.swift */,
			);
			path = "sweather-2";
			sourceTree = "<group>";
		};
		229D3E48236036750035FD66 /* Preview Content */ = {
			isa = PBXGroup;
			children = (
				229D3E49236036750035FD66 /* Preview Assets.xcassets */,
			);
			path = "Preview Content";
			sourceTree = "<group>";
		};
		22C68229236798C400B1919F /* uikit-swiftui-ports */ = {
			isa = PBXGroup;
			children = (
				22C6822C2367A0F300B1919F /* PageViewController */,
			);
			path = "uikit-swiftui-ports";
			sourceTree = "<group>";
		};
		22C6822C2367A0F300B1919F /* PageViewController */ = {
			isa = PBXGroup;
			children = (
				22C6822A236798EC00B1919F /* PageViewController.swift */,
				22C6822D2367A10300B1919F /* PageView.swift */,
				22C6822F2367A12E00B1919F /* PageControl.swift */,
			);
			path = PageViewController;
			sourceTree = "<group>";
		};
		22ECEB6B2453B5D40020751A /* Custom Icons */ = {
			isa = PBXGroup;
			children = (
				22ECEB732453B5E10020751A /* custom-1-snow.png */,
				22ECEB712453B5E10020751A /* custom-1-sun.png */,
				22ECEB7F2453B5E20020751A /* custom-1.png */,
				22ECEB742453B5E10020751A /* custom-2-snow.png */,
				22ECEB722453B5E10020751A /* custom-2-sun.png */,
				22ECEB7C2453B5E10020751A /* custom-2.png */,
				22ECEB6E2453B5E10020751A /* custom-3-snow.png */,
				22ECEB792453B5E10020751A /* custom-3-sun.png */,
				22ECEB782453B5E10020751A /* custom-3.png */,
				22ECEB6F2453B5E10020751A /* custom-4-snow.png */,
				22ECEB802453B5E20020751A /* custom-4-sun.png */,
				22ECEB752453B5E10020751A /* custom-4.png */,
				22ECEB7A2453B5E10020751A /* custom-5-snow.png */,
				22ECEB6D2453B5E10020751A /* custom-5-sun.png */,
				22ECEB7B2453B5E10020751A /* custom-5.png */,
				22ECEB762453B5E10020751A /* custom-6-snow.png */,
				22ECEB702453B5E10020751A /* custom-6-sun.png */,
				22ECEB6C2453B5E10020751A /* custom-6.png */,
				22ECEB7D2453B5E10020751A /* default-snow.png */,
				22ECEB772453B5E10020751A /* default-sun.png */,
				22ECEB7E2453B5E20020751A /* default.png */,
			);
			path = "Custom Icons";
			sourceTree = "<group>";
		};
		22ECEB982453C5430020751A /* Build Config */ = {
			isa = PBXGroup;
			children = (
				22ECEB992453C5570020751A /* config.xcconfig */,
			);
			path = "Build Config";
			sourceTree = "<group>";
		};
/* End PBXGroup section */

/* Begin PBXNativeTarget section */
		2284BAE223EFE1B000E15FCF /* sweather-watch */ = {
			isa = PBXNativeTarget;
			buildConfigurationList = 2284BB1123EFE1B100E15FCF /* Build configuration list for PBXNativeTarget "sweather-watch" */;
			buildPhases = (
				2284BAE123EFE1B000E15FCF /* Resources */,
				2284BB0D23EFE1B100E15FCF /* Embed App Extensions */,
			);
			buildRules = (
			);
			dependencies = (
				2284BAF223EFE1B100E15FCF /* PBXTargetDependency */,
			);
			name = "sweather-watch";
			productName = "sweather-watch";
			productReference = 2284BAE323EFE1B000E15FCF /* sweather-watch.app */;
			productType = "com.apple.product-type.application.watchapp2";
		};
		2284BAEE23EFE1B100E15FCF /* sweather-watch Extension */ = {
			isa = PBXNativeTarget;
			buildConfigurationList = 2284BB1023EFE1B100E15FCF /* Build configuration list for PBXNativeTarget "sweather-watch Extension" */;
			buildPhases = (
				2284BAEB23EFE1B100E15FCF /* Sources */,
				2284BAEC23EFE1B100E15FCF /* Frameworks */,
				2284BAED23EFE1B100E15FCF /* Resources */,
			);
			buildRules = (
			);
			dependencies = (
			);
			name = "sweather-watch Extension";
			packageProductDependencies = (
			);
			productName = "sweather-watch Extension";
			productReference = 2284BAEF23EFE1B100E15FCF /* sweather-watch Extension.appex */;
			productType = "com.apple.product-type.watchkit2-extension";
		};
		229D3E3C236036730035FD66 /* sweather-2 */ = {
			isa = PBXNativeTarget;
			buildConfigurationList = 229D3E51236036750035FD66 /* Build configuration list for PBXNativeTarget "sweather-2" */;
			buildPhases = (
				229D3E39236036730035FD66 /* Sources */,
				229D3E3A236036730035FD66 /* Frameworks */,
				229D3E3B236036730035FD66 /* Resources */,
				2284BB0A23EFE1B100E15FCF /* Embed Watch Content */,
			);
			buildRules = (
			);
			dependencies = (
			);
			name = "sweather-2";
			packageProductDependencies = (
			);
			productName = "sweather-2";
			productReference = 229D3E3D236036730035FD66 /* Sweather 2.app */;
			productType = "com.apple.product-type.application";
		};
/* End PBXNativeTarget section */

/* Begin PBXProject section */
		229D3E35236036730035FD66 /* Project object */ = {
			isa = PBXProject;
			attributes = {
				LastSwiftUpdateCheck = 1130;
				LastUpgradeCheck = 1100;
				ORGANIZATIONNAME = "Sam Davis";
				TargetAttributes = {
					2284BAE223EFE1B000E15FCF = {
						CreatedOnToolsVersion = 11.3.1;
					};
					2284BAEE23EFE1B100E15FCF = {
						CreatedOnToolsVersion = 11.3.1;
					};
					229D3E3C236036730035FD66 = {
						CreatedOnToolsVersion = 11.0;
					};
				};
			};
			buildConfigurationList = 229D3E38236036730035FD66 /* Build configuration list for PBXProject "sweather-2" */;
			compatibilityVersion = "Xcode 9.3";
			developmentRegion = en;
			hasScannedForEncodings = 0;
			knownRegions = (
				en,
				Base,
			);
			mainGroup = 229D3E34236036730035FD66;
			packageReferences = (
			);
			productRefGroup = 229D3E3E236036730035FD66 /* Products */;
			projectDirPath = "";
			projectRoot = "";
			targets = (
				229D3E3C236036730035FD66 /* sweather-2 */,
				2284BAE223EFE1B000E15FCF /* sweather-watch */,
				2284BAEE23EFE1B100E15FCF /* sweather-watch Extension */,
			);
		};
/* End PBXProject section */

/* Begin PBXResourcesBuildPhase section */
		2284BAE123EFE1B000E15FCF /* Resources */ = {
			isa = PBXResourcesBuildPhase;
			buildActionMask = 2147483647;
			files = (
				2284BAE923EFE1B100E15FCF /* Assets.xcassets in Resources */,
				2284BAE723EFE1B000E15FCF /* Interface.storyboard in Resources */,
			);
			runOnlyForDeploymentPostprocessing = 0;
		};
		2284BAED23EFE1B100E15FCF /* Resources */ = {
			isa = PBXResourcesBuildPhase;
			buildActionMask = 2147483647;
			files = (
				22A8350A23EFECEA00D0310D /* sample-location-data.json in Resources */,
				2284BB0423EFE1B100E15FCF /* Preview Assets.xcassets in Resources */,
				2284BB0123EFE1B100E15FCF /* Assets.xcassets in Resources */,
				22A8350923EFECEA00D0310D /* sample-weather-data.json in Resources */,
			);
			runOnlyForDeploymentPostprocessing = 0;
		};
		229D3E3B236036730035FD66 /* Resources */ = {
			isa = PBXResourcesBuildPhase;
			buildActionMask = 2147483647;
			files = (
				22ECEB872453B5E20020751A /* custom-2-sun.png in Resources */,
				22ECEB8C2453B5E20020751A /* default-sun.png in Resources */,
				22ECEB882453B5E20020751A /* custom-1-snow.png in Resources */,
				229D3E4D236036750035FD66 /* LaunchScreen.storyboard in Resources */,
				22ECEB842453B5E20020751A /* custom-4-snow.png in Resources */,
				22ECEB8A2453B5E20020751A /* custom-4.png in Resources */,
				22ECEB952453B5E20020751A /* custom-4-sun.png in Resources */,
				22ECEB812453B5E20020751A /* custom-6.png in Resources */,
				22ECEB902453B5E20020751A /* custom-5.png in Resources */,
				22ECEB8B2453B5E20020751A /* custom-6-snow.png in Resources */,
				22ECEB862453B5E20020751A /* custom-1-sun.png in Resources */,
				229D3E4A236036750035FD66 /* Preview Assets.xcassets in Resources */,
				22ECEB932453B5E20020751A /* default.png in Resources */,
				22ECEB8D2453B5E20020751A /* custom-3.png in Resources */,
				22ECEB852453B5E20020751A /* custom-6-sun.png in Resources */,
				22ECEB942453B5E20020751A /* custom-1.png in Resources */,
				22ECEB832453B5E20020751A /* custom-3-snow.png in Resources */,
				22ECEB822453B5E20020751A /* custom-5-sun.png in Resources */,
				22ECEB912453B5E20020751A /* custom-2.png in Resources */,
				22ECEB922453B5E20020751A /* default-snow.png in Resources */,
				22ECEB892453B5E20020751A /* custom-2-snow.png in Resources */,
				223FB3A423764E97005BB4D8 /* sample-weather-data.json in Resources */,
				229D3E47236036750035FD66 /* Assets.xcassets in Resources */,
				22ECEB8F2453B5E20020751A /* custom-5-snow.png in Resources */,
				22ECEB8E2453B5E20020751A /* custom-3-sun.png in Resources */,
				223AE8E22376673F00E17875 /* sample-location-data.json in Resources */,
			);
			runOnlyForDeploymentPostprocessing = 0;
		};
/* End PBXResourcesBuildPhase section */

/* Begin PBXSourcesBuildPhase section */
		2284BAEB23EFE1B100E15FCF /* Sources */ = {
			isa = PBXSourcesBuildPhase;
			buildActionMask = 2147483647;
			files = (
				2284BAF723EFE1B100E15FCF /* HostingController.swift in Sources */,
				2284BB2023EFEADC00E15FCF /* DecodeLocalJSON.swift in Sources */,
				2284BB1A23EFE5E800E15FCF /* SJDFetch.swift in Sources */,
				22869E4823F0140700E1D8BF /* WatchComplicationHelper.swift in Sources */,
				2284BAF523EFE1B100E15FCF /* WatchContentView.swift in Sources */,
				2284BB1C23EFEA2400E15FCF /* GeneralExtensions.swift in Sources */,
				2284BB1523EFE4CC00E15FCF /* WWWeatherData.swift in Sources */,
				2284BB1F23EFEACA00E15FCF /* SampleWeatherData.swift in Sources */,
				2284BB1E23EFEA9100E15FCF /* WatchWeatherView.swift in Sources */,
				2284BAFB23EFE1B100E15FCF /* NotificationController.swift in Sources */,
				2284BB1323EFE4C700E15FCF /* WillyWeatherAPI.swift in Sources */,
				2284BB1823EFE4DA00E15FCF /* SWWeather.swift in Sources */,
				2284BB1923EFE5E500E15FCF /* SJDCache.swift in Sources */,
				2284BB1423EFE4CC00E15FCF /* WWLocation.swift in Sources */,
				2284BAF923EFE1B100E15FCF /* ExtensionDelegate.swift in Sources */,
				22869E4223EFF05B00E1D8BF /* BackgroundGradient.swift in Sources */,
				2284BAFD23EFE1B100E15FCF /* NotificationView.swift in Sources */,
				2284BB1B23EFE9DC00E15FCF /* extensions.swift in Sources */,
				22869E4423F0126C00E1D8BF /* SharedSWWeatherData.swift in Sources */,
				2284BB1723EFE4CC00E15FCF /* WWMapData.swift in Sources */,
				2284BAFF23EFE1B100E15FCF /* ComplicationController.swift in Sources */,
				2284BB1623EFE4CC00E15FCF /* WWLocationCoordSearchResult.swift in Sources */,
				2284BB1223EFE47500E15FCF /* WWDataManagers.swift in Sources */,
			);
			runOnlyForDeploymentPostprocessing = 0;
		};
		229D3E39236036730035FD66 /* Sources */ = {
			isa = PBXSourcesBuildPhase;
			buildActionMask = 2147483647;
			files = (
				226B156023777CD100D05ED1 /* SJDCache.swift in Sources */,
				223FB3A6237660AB005BB4D8 /* WeatherViewPresentational.swift in Sources */,
				229D3E41236036730035FD66 /* AppDelegate.swift in Sources */,
				223AE8E4237667BD00E17875 /* PrecisIcon.swift in Sources */,
				224F62572367F0E500A73E2E /* AddLocationView.swift in Sources */,
				226B1574237792E000D05ED1 /* extensions.swift in Sources */,
				226B157023778A8000D05ED1 /* DecodeLocalJSON.swift in Sources */,
				223AE8EC237677F500E17875 /* RainChance.swift in Sources */,
				226B157223778F3C00D05ED1 /* Hours.swift in Sources */,
				22FB72252367E58F00116C22 /* LocationsListView.swift in Sources */,
				226B156A23777D6B00D05ED1 /* WWLocationCoordSearchResult.swift in Sources */,
				223FB3A82376613A005BB4D8 /* CurrentLocationWeatherView.swift in Sources */,
				223FB3AD237662CA005BB4D8 /* LocationName.swift in Sources */,
				22FB72212367DCE100116C22 /* SessionData.swift in Sources */,
				226B156623777D2600D05ED1 /* WWLocation.swift in Sources */,
				22869E4523F0133300E1D8BF /* SharedSWWeatherData.swift in Sources */,
				226B156223777CF400D05ED1 /* SJDFetch.swift in Sources */,
				22C6822B236798EC00B1919F /* PageViewController.swift in Sources */,
				22ECEB972453C0FC0020751A /* HostingController.swift in Sources */,
				22FA8DE123EF926B00FFA1CD /* Settings.swift in Sources */,
				2281F4FA23814A680033E499 /* RainRadar.swift in Sources */,
				226B15762377998B00D05ED1 /* WeatherStats.swift in Sources */,
				223FB3A123764BBD005BB4D8 /* WeatherView.swift in Sources */,
				224F625923681C9A00A73E2E /* SWWeather.swift in Sources */,
				22768551237F6B0A002BCDBB /* BottomBar.swift in Sources */,
				22A8350C23EFEE3300D0310D /* BackgroundGradient.swift in Sources */,
				22CC1F2623EFB50300763884 /* CustomIconPicker.swift in Sources */,
				223AE8E623766FF000E17875 /* HighLow.swift in Sources */,
				22C682302367A12E00B1919F /* PageControl.swift in Sources */,
				229D3E43236036730035FD66 /* SceneDelegate.swift in Sources */,
				2281F4F8238148F60033E499 /* WWMapData.swift in Sources */,
				2256B4712363BFDF009C9F13 /* UserDataModel.xcdatamodeld in Sources */,
				22768553237F792B002BCDBB /* Loading.swift in Sources */,
				22FA8DDF23EF73DE00FFA1CD /* GeneralExtensions.swift in Sources */,
				2256B46C2362DEDA009C9F13 /* ContentView.swift in Sources */,
				2256B46E2362DEEC009C9F13 /* WillyWeatherAPI.swift in Sources */,
				22C6822E2367A10300B1919F /* PageView.swift in Sources */,
				226B156823777D4C00D05ED1 /* WWWeatherData.swift in Sources */,
				223AE8E8237670F100E17875 /* SampleWeatherData.swift in Sources */,
				226B156E2377836C00D05ED1 /* Days.swift in Sources */,
				22869E4723F0140700E1D8BF /* WatchComplicationHelper.swift in Sources */,
				22FB72232367DF9B00116C22 /* WWDataManagers.swift in Sources */,
			);
			runOnlyForDeploymentPostprocessing = 0;
		};
/* End PBXSourcesBuildPhase section */

/* Begin PBXTargetDependency section */
		2284BAF223EFE1B100E15FCF /* PBXTargetDependency */ = {
			isa = PBXTargetDependency;
			target = 2284BAEE23EFE1B100E15FCF /* sweather-watch Extension */;
			targetProxy = 2284BAF123EFE1B100E15FCF /* PBXContainerItemProxy */;
		};
/* End PBXTargetDependency section */

/* Begin PBXVariantGroup section */
		2284BAE523EFE1B000E15FCF /* Interface.storyboard */ = {
			isa = PBXVariantGroup;
			children = (
				2284BAE623EFE1B000E15FCF /* Base */,
			);
			name = Interface.storyboard;
			sourceTree = "<group>";
		};
		229D3E4B236036750035FD66 /* LaunchScreen.storyboard */ = {
			isa = PBXVariantGroup;
			children = (
				229D3E4C236036750035FD66 /* Base */,
			);
			name = LaunchScreen.storyboard;
			sourceTree = "<group>";
		};
/* End PBXVariantGroup section */

/* Begin XCBuildConfiguration section */
		2284BB0B23EFE1B100E15FCF /* Debug */ = {
			isa = XCBuildConfiguration;
			buildSettings = {
				ALWAYS_EMBED_SWIFT_STANDARD_LIBRARIES = YES;
				ASSETCATALOG_COMPILER_APPICON_NAME = AppIcon;
				CODE_SIGN_STYLE = Automatic;
				CURRENT_PROJECT_VERSION = 820;
				DEVELOPMENT_TEAM = N5B3FJPB8K;
				IBSC_MODULE = sweather_watch_Extension;
				INFOPLIST_FILE = "sweather-watch/Info.plist";
				MARKETING_VERSION = 2.0;
				PRODUCT_BUNDLE_IDENTIFIER = com.sjd.sweather.watchkitapp;
				PRODUCT_NAME = "$(TARGET_NAME)";
				SDKROOT = watchos;
				SKIP_INSTALL = YES;
				SWIFT_VERSION = 5.0;
				TARGETED_DEVICE_FAMILY = 4;
				WATCHOS_DEPLOYMENT_TARGET = 6.1;
			};
			name = Debug;
		};
		2284BB0C23EFE1B100E15FCF /* Release */ = {
			isa = XCBuildConfiguration;
			buildSettings = {
				ALWAYS_EMBED_SWIFT_STANDARD_LIBRARIES = YES;
				ASSETCATALOG_COMPILER_APPICON_NAME = AppIcon;
				CODE_SIGN_STYLE = Automatic;
				CURRENT_PROJECT_VERSION = 820;
				DEVELOPMENT_TEAM = N5B3FJPB8K;
				IBSC_MODULE = sweather_watch_Extension;
				INFOPLIST_FILE = "sweather-watch/Info.plist";
				MARKETING_VERSION = 2.0;
				PRODUCT_BUNDLE_IDENTIFIER = com.sjd.sweather.watchkitapp;
				PRODUCT_NAME = "$(TARGET_NAME)";
				SDKROOT = watchos;
				SKIP_INSTALL = YES;
				SWIFT_VERSION = 5.0;
				TARGETED_DEVICE_FAMILY = 4;
				WATCHOS_DEPLOYMENT_TARGET = 6.1;
			};
			name = Release;
		};
		2284BB0E23EFE1B100E15FCF /* Debug */ = {
			isa = XCBuildConfiguration;
			buildSettings = {
				ASSETCATALOG_COMPILER_COMPLICATION_NAME = Complication;
				CODE_SIGN_STYLE = Automatic;
				CURRENT_PROJECT_VERSION = 820;
				DEVELOPMENT_ASSET_PATHS = "\"sweather-watch Extension/Preview Content\"";
				DEVELOPMENT_TEAM = N5B3FJPB8K;
				ENABLE_PREVIEWS = YES;
				INFOPLIST_FILE = "sweather-watch Extension/Info.plist";
				LD_RUNPATH_SEARCH_PATHS = (
					"$(inherited)",
					"@executable_path/Frameworks",
					"@executable_path/../../Frameworks",
				);
				MARKETING_VERSION = 2.0;
				PRODUCT_BUNDLE_IDENTIFIER = com.sjd.sweather.watchkitapp.watchkitextension;
				PRODUCT_NAME = "${TARGET_NAME}";
				SDKROOT = watchos;
				SKIP_INSTALL = YES;
				SWIFT_VERSION = 5.0;
				TARGETED_DEVICE_FAMILY = 4;
				WATCHOS_DEPLOYMENT_TARGET = 6.1;
			};
			name = Debug;
		};
		2284BB0F23EFE1B100E15FCF /* Release */ = {
			isa = XCBuildConfiguration;
			buildSettings = {
				ASSETCATALOG_COMPILER_COMPLICATION_NAME = Complication;
				CODE_SIGN_STYLE = Automatic;
				CURRENT_PROJECT_VERSION = 820;
				DEVELOPMENT_ASSET_PATHS = "\"sweather-watch Extension/Preview Content\"";
				DEVELOPMENT_TEAM = N5B3FJPB8K;
				ENABLE_PREVIEWS = YES;
				INFOPLIST_FILE = "sweather-watch Extension/Info.plist";
				LD_RUNPATH_SEARCH_PATHS = (
					"$(inherited)",
					"@executable_path/Frameworks",
					"@executable_path/../../Frameworks",
				);
				MARKETING_VERSION = 2.0;
				PRODUCT_BUNDLE_IDENTIFIER = com.sjd.sweather.watchkitapp.watchkitextension;
				PRODUCT_NAME = "${TARGET_NAME}";
				SDKROOT = watchos;
				SKIP_INSTALL = YES;
				SWIFT_VERSION = 5.0;
				TARGETED_DEVICE_FAMILY = 4;
				WATCHOS_DEPLOYMENT_TARGET = 6.1;
			};
			name = Release;
		};
		229D3E4F236036750035FD66 /* Debug */ = {
			isa = XCBuildConfiguration;
			baseConfigurationReference = 22ECEB992453C5570020751A /* config.xcconfig */;
			buildSettings = {
				ALWAYS_SEARCH_USER_PATHS = NO;
				CLANG_ANALYZER_NONNULL = YES;
				CLANG_ANALYZER_NUMBER_OBJECT_CONVERSION = YES_AGGRESSIVE;
				CLANG_CXX_LANGUAGE_STANDARD = "gnu++14";
				CLANG_CXX_LIBRARY = "libc++";
				CLANG_ENABLE_MODULES = YES;
				CLANG_ENABLE_OBJC_ARC = YES;
				CLANG_ENABLE_OBJC_WEAK = YES;
				CLANG_WARN_BLOCK_CAPTURE_AUTORELEASING = YES;
				CLANG_WARN_BOOL_CONVERSION = YES;
				CLANG_WARN_COMMA = YES;
				CLANG_WARN_CONSTANT_CONVERSION = YES;
				CLANG_WARN_DEPRECATED_OBJC_IMPLEMENTATIONS = YES;
				CLANG_WARN_DIRECT_OBJC_ISA_USAGE = YES_ERROR;
				CLANG_WARN_DOCUMENTATION_COMMENTS = YES;
				CLANG_WARN_EMPTY_BODY = YES;
				CLANG_WARN_ENUM_CONVERSION = YES;
				CLANG_WARN_INFINITE_RECURSION = YES;
				CLANG_WARN_INT_CONVERSION = YES;
				CLANG_WARN_NON_LITERAL_NULL_CONVERSION = YES;
				CLANG_WARN_OBJC_IMPLICIT_RETAIN_SELF = YES;
				CLANG_WARN_OBJC_LITERAL_CONVERSION = YES;
				CLANG_WARN_OBJC_ROOT_CLASS = YES_ERROR;
				CLANG_WARN_RANGE_LOOP_ANALYSIS = YES;
				CLANG_WARN_STRICT_PROTOTYPES = YES;
				CLANG_WARN_SUSPICIOUS_MOVE = YES;
				CLANG_WARN_UNGUARDED_AVAILABILITY = YES_AGGRESSIVE;
				CLANG_WARN_UNREACHABLE_CODE = YES;
				CLANG_WARN__DUPLICATE_METHOD_MATCH = YES;
				COPY_PHASE_STRIP = NO;
				DEBUG_INFORMATION_FORMAT = dwarf;
				ENABLE_STRICT_OBJC_MSGSEND = YES;
				ENABLE_TESTABILITY = YES;
				GCC_C_LANGUAGE_STANDARD = gnu11;
				GCC_DYNAMIC_NO_PIC = NO;
				GCC_NO_COMMON_BLOCKS = YES;
				GCC_OPTIMIZATION_LEVEL = 0;
				GCC_PREPROCESSOR_DEFINITIONS = (
					"DEBUG=1",
					"$(inherited)",
				);
				GCC_WARN_64_TO_32_BIT_CONVERSION = YES;
				GCC_WARN_ABOUT_RETURN_TYPE = YES_ERROR;
				GCC_WARN_UNDECLARED_SELECTOR = YES;
				GCC_WARN_UNINITIALIZED_AUTOS = YES_AGGRESSIVE;
				GCC_WARN_UNUSED_FUNCTION = YES;
				GCC_WARN_UNUSED_VARIABLE = YES;
				IPHONEOS_DEPLOYMENT_TARGET = 13.0;
				MTL_ENABLE_DEBUG_INFO = INCLUDE_SOURCE;
				MTL_FAST_MATH = YES;
				ONLY_ACTIVE_ARCH = YES;
				SDKROOT = iphoneos;
				SWIFT_ACTIVE_COMPILATION_CONDITIONS = DEBUG;
				SWIFT_OPTIMIZATION_LEVEL = "-Onone";
			};
			name = Debug;
		};
		229D3E50236036750035FD66 /* Release */ = {
			isa = XCBuildConfiguration;
			baseConfigurationReference = 22ECEB992453C5570020751A /* config.xcconfig */;
			buildSettings = {
				ALWAYS_SEARCH_USER_PATHS = NO;
				CLANG_ANALYZER_NONNULL = YES;
				CLANG_ANALYZER_NUMBER_OBJECT_CONVERSION = YES_AGGRESSIVE;
				CLANG_CXX_LANGUAGE_STANDARD = "gnu++14";
				CLANG_CXX_LIBRARY = "libc++";
				CLANG_ENABLE_MODULES = YES;
				CLANG_ENABLE_OBJC_ARC = YES;
				CLANG_ENABLE_OBJC_WEAK = YES;
				CLANG_WARN_BLOCK_CAPTURE_AUTORELEASING = YES;
				CLANG_WARN_BOOL_CONVERSION = YES;
				CLANG_WARN_COMMA = YES;
				CLANG_WARN_CONSTANT_CONVERSION = YES;
				CLANG_WARN_DEPRECATED_OBJC_IMPLEMENTATIONS = YES;
				CLANG_WARN_DIRECT_OBJC_ISA_USAGE = YES_ERROR;
				CLANG_WARN_DOCUMENTATION_COMMENTS = YES;
				CLANG_WARN_EMPTY_BODY = YES;
				CLANG_WARN_ENUM_CONVERSION = YES;
				CLANG_WARN_INFINITE_RECURSION = YES;
				CLANG_WARN_INT_CONVERSION = YES;
				CLANG_WARN_NON_LITERAL_NULL_CONVERSION = YES;
				CLANG_WARN_OBJC_IMPLICIT_RETAIN_SELF = YES;
				CLANG_WARN_OBJC_LITERAL_CONVERSION = YES;
				CLANG_WARN_OBJC_ROOT_CLASS = YES_ERROR;
				CLANG_WARN_RANGE_LOOP_ANALYSIS = YES;
				CLANG_WARN_STRICT_PROTOTYPES = YES;
				CLANG_WARN_SUSPICIOUS_MOVE = YES;
				CLANG_WARN_UNGUARDED_AVAILABILITY = YES_AGGRESSIVE;
				CLANG_WARN_UNREACHABLE_CODE = YES;
				CLANG_WARN__DUPLICATE_METHOD_MATCH = YES;
				COPY_PHASE_STRIP = NO;
				DEBUG_INFORMATION_FORMAT = "dwarf-with-dsym";
				ENABLE_NS_ASSERTIONS = NO;
				ENABLE_STRICT_OBJC_MSGSEND = YES;
				GCC_C_LANGUAGE_STANDARD = gnu11;
				GCC_NO_COMMON_BLOCKS = YES;
				GCC_WARN_64_TO_32_BIT_CONVERSION = YES;
				GCC_WARN_ABOUT_RETURN_TYPE = YES_ERROR;
				GCC_WARN_UNDECLARED_SELECTOR = YES;
				GCC_WARN_UNINITIALIZED_AUTOS = YES_AGGRESSIVE;
				GCC_WARN_UNUSED_FUNCTION = YES;
				GCC_WARN_UNUSED_VARIABLE = YES;
				IPHONEOS_DEPLOYMENT_TARGET = 13.0;
				MTL_ENABLE_DEBUG_INFO = NO;
				MTL_FAST_MATH = YES;
				SDKROOT = iphoneos;
				SWIFT_COMPILATION_MODE = wholemodule;
				SWIFT_OPTIMIZATION_LEVEL = "-O";
				VALIDATE_PRODUCT = YES;
			};
			name = Release;
		};
		229D3E52236036750035FD66 /* Debug */ = {
			isa = XCBuildConfiguration;
			buildSettings = {
				ASSETCATALOG_COMPILER_APPICON_NAME = AppIcon;
				CODE_SIGN_ENTITLEMENTS = "sweather-2/Sweather 2.entitlements";
				CODE_SIGN_STYLE = Automatic;
				CURRENT_PROJECT_VERSION = 820;
				DEVELOPMENT_ASSET_PATHS = "\"sweather-2/Preview Content\"";
				DEVELOPMENT_TEAM = N5B3FJPB8K;
				ENABLE_PREVIEWS = YES;
				INFOPLIST_FILE = "sweather-2/Info.plist";
				LD_RUNPATH_SEARCH_PATHS = (
					"$(inherited)",
					"@executable_path/Frameworks",
				);
				MARKETING_VERSION = 2.0;
				PRODUCT_BUNDLE_IDENTIFIER = com.sjd.sweather;
				PRODUCT_NAME = "Sweather 2";
				SUPPORTS_MACCATALYST = NO;
				SWIFT_VERSION = 5.0;
				TARGETED_DEVICE_FAMILY = "1,2";
			};
			name = Debug;
		};
		229D3E53236036750035FD66 /* Release */ = {
			isa = XCBuildConfiguration;
			buildSettings = {
				ASSETCATALOG_COMPILER_APPICON_NAME = AppIcon;
				CODE_SIGN_ENTITLEMENTS = "sweather-2/Sweather 2.entitlements";
				CODE_SIGN_STYLE = Automatic;
				CURRENT_PROJECT_VERSION = 820;
				DEVELOPMENT_ASSET_PATHS = "\"sweather-2/Preview Content\"";
				DEVELOPMENT_TEAM = N5B3FJPB8K;
				ENABLE_PREVIEWS = YES;
				INFOPLIST_FILE = "sweather-2/Info.plist";
				LD_RUNPATH_SEARCH_PATHS = (
					"$(inherited)",
					"@executable_path/Frameworks",
				);
				MARKETING_VERSION = 2.0;
				PRODUCT_BUNDLE_IDENTIFIER = com.sjd.sweather;
				PRODUCT_NAME = "Sweather 2";
				SUPPORTS_MACCATALYST = NO;
				SWIFT_VERSION = 5.0;
				TARGETED_DEVICE_FAMILY = "1,2";
			};
			name = Release;
		};
/* End XCBuildConfiguration section */

/* Begin XCConfigurationList section */
		2284BB1023EFE1B100E15FCF /* Build configuration list for PBXNativeTarget "sweather-watch Extension" */ = {
			isa = XCConfigurationList;
			buildConfigurations = (
				2284BB0E23EFE1B100E15FCF /* Debug */,
				2284BB0F23EFE1B100E15FCF /* Release */,
			);
			defaultConfigurationIsVisible = 0;
			defaultConfigurationName = Release;
		};
		2284BB1123EFE1B100E15FCF /* Build configuration list for PBXNativeTarget "sweather-watch" */ = {
			isa = XCConfigurationList;
			buildConfigurations = (
				2284BB0B23EFE1B100E15FCF /* Debug */,
				2284BB0C23EFE1B100E15FCF /* Release */,
			);
			defaultConfigurationIsVisible = 0;
			defaultConfigurationName = Release;
		};
		229D3E38236036730035FD66 /* Build configuration list for PBXProject "sweather-2" */ = {
			isa = XCConfigurationList;
			buildConfigurations = (
				229D3E4F236036750035FD66 /* Debug */,
				229D3E50236036750035FD66 /* Release */,
			);
			defaultConfigurationIsVisible = 0;
			defaultConfigurationName = Release;
		};
		229D3E51236036750035FD66 /* Build configuration list for PBXNativeTarget "sweather-2" */ = {
			isa = XCConfigurationList;
			buildConfigurations = (
				229D3E52236036750035FD66 /* Debug */,
				229D3E53236036750035FD66 /* Release */,
			);
			defaultConfigurationIsVisible = 0;
			defaultConfigurationName = Release;
		};
/* End XCConfigurationList section */

/* Begin XCVersionGroup section */
		2256B46F2363BFDF009C9F13 /* UserDataModel.xcdatamodeld */ = {
			isa = XCVersionGroup;
			children = (
				2256B4702363BFDF009C9F13 /* LocationsModel.xcdatamodel */,
			);
			currentVersion = 2256B4702363BFDF009C9F13 /* LocationsModel.xcdatamodel */;
			path = UserDataModel.xcdatamodeld;
			sourceTree = "<group>";
			versionGroupType = wrapper.xcdatamodel;
		};
/* End XCVersionGroup section */
	};
	rootObject = 229D3E35236036730035FD66 /* Project object */;
}
